langcode: en
status: true
dependencies:
  config:
    - core.entity_view_mode.paragraph.case_study_story_block
    - field.field.paragraph.story_block.field_story_block_image_overlay_
    - field.field.paragraph.story_block.field_story_block_images
    - field.field.paragraph.story_block.field_story_block_link
    - field.field.paragraph.story_block.field_story_block_project_types
    - field.field.paragraph.story_block.field_story_block_text
    - field.field.paragraph.story_block.field_story_block_video
    - field.field.paragraph.story_block.field_title
    - field.field.paragraph.story_block.field_view_mode_selector
    - paragraphs.paragraphs_type.story_block
    - responsive_image.styles.narrow
  module:
    - ds
    - field_group
    - responsive_image
    - text
third_party_settings:
  ds:
    layout:
      id: ds_1col
      library: null
      disable_css: false
      entity_classes: all_classes
      settings:
        wrappers:
          ds_content: div
        outer_wrapper: div
        attributes: ''
        link_attribute: ''
        link_custom: ''
        classes:
          layout_class:
            'paragraph-[paragraph:id]': 'paragraph-[paragraph:id]'
            story-block: story-block
            '[paragraph:field_story_block_image_overlay_:value]': '[paragraph:field_story_block_image_overlay_:value]'
            'story-block-type-[paragraph:field_story_block_project_types:0:target_id]': 'story-block-type-[paragraph:field_story_block_project_types:0:target_id]'
          ds_content: {  }
    regions:
      ds_content:
        - 'dynamic_token_field:paragraph-image_overlay'
        - group_story_block_inner
        - group_story_block_images
        - group_inner1
        - field_title
        - field_story_block_text
        - field_story_block_images
        - group_inner2
    fields:
      'dynamic_token_field:paragraph-image_overlay':
        plugin_id: 'dynamic_token_field:paragraph-image_overlay'
        weight: 0
        label: hidden
        formatter: default
        ft:
          id: reset
          settings:
            lb: ''
  field_group:
    group_story_block_inner:
      children:
        - group_inner1
      parent_name: ''
      weight: 1
      format_type: html_element
      format_settings:
        label: 'Story Block Details'
        element: div
        show_label: false
        label_element: h3
        attributes: ''
        effect: none
        speed: fast
        id: ''
        classes: story-block-details
      label: 'Story Block Details'
    group_inner1:
      children:
        - field_title
        - field_story_block_text
      parent_name: group_story_block_inner
      weight: 4
      format_type: html_element
      format_settings:
        id: ''
        classes: l-constrained
        element: div
        show_label: false
        label_element: h3
        attributes: ''
        effect: none
        speed: fast
      label: inner1
    group_story_block_images:
      children:
        - group_inner2
      parent_name: ''
      weight: 2
      format_type: html_element
      format_settings:
        id: ''
        classes: story-block-images
        element: div
        show_label: false
        label_element: h3
        attributes: ''
        effect: none
        speed: fast
      label: 'Story Block Images'
    group_inner2:
      children:
        - field_story_block_images
      parent_name: group_story_block_images
      weight: 20
      format_type: html_element
      format_settings:
        id: ''
        classes: l-constrained
        element: div
        show_label: false
        label_element: h3
        attributes: ''
        effect: none
        speed: fast
      label: inner2
id: paragraph.story_block.case_study_story_block
targetEntityType: paragraph
bundle: story_block
mode: case_study_story_block
content:
  field_story_block_images:
    type: responsive_image
    weight: 7
    label: hidden
    settings:
      responsive_image_style: narrow
      image_link: ''
    third_party_settings:
      ds:
        ds_limit: ''
        ft:
          id: expert
          settings:
            lb: ''
            prefix: ''
            lbw-el: ''
            lbw-cl: ''
            lbw-at: ''
            ow-el: ''
            ow-cl: ''
            ow-at: ''
            fis-el: ''
            fis-cl: foo
            fis-at: ''
            fi: true
            fi-el: div
            fi-cl: 'picture para-[paragraph:id]'
            fi-at: ''
            suffix: ''
            lbw: false
            lb-col: false
            ow: false
            ow-def-at: false
            ow-def-cl: false
            fis: false
            fis-def-at: false
            fi-def-at: false
    region: ds_content
  field_story_block_text:
    type: text_default
    weight: 6
    label: hidden
    settings: {  }
    third_party_settings: {  }
    region: ds_content
  field_title:
    weight: 5
    label: hidden
    settings: {  }
    third_party_settings:
      ds:
        ft:
          id: expert
          settings:
            lb: ''
            prefix: ''
            lbw-el: ''
            lbw-cl: ''
            lbw-at: ''
            ow: true
            ow-el: h2
            ow-cl: ''
            ow-at: ''
            fis-el: ''
            fis-cl: ''
            fis-at: ''
            fi-el: ''
            fi-cl: ''
            fi-at: ''
            suffix: ''
            lbw: false
            lb-col: false
            ow-def-at: false
            ow-def-cl: false
            fis: false
            fis-def-at: false
            fi: false
            fi-def-at: false
    type: text_default
    region: ds_content
hidden:
  created: true
  field_story_block_image_overlay_: true
  field_story_block_link: true
  field_story_block_project_types: true
  field_story_block_video: true
  field_view_mode_selector: true
  uid: true
